
Microsoft Visual Studio Solution File, Format Version 12.00
# Visual Studio Version 17
VisualStudioVersion = 17.10.35201.131
MinimumVisualStudioVersion = 10.0.40219.1
Project("{2150E333-8FDC-42A3-9474-1A3956D46DE8}") = "1-Apresentação", "1-Apresentação", "{56756ED5-2807-4D62-849F-427BF5F822A3}"
EndProject
Project("{2150E333-8FDC-42A3-9474-1A3956D46DE8}") = "2-Dominio", "2-Dominio", "{A637E40B-F316-4BEE-B74F-D78522415019}"
EndProject
Project("{2150E333-8FDC-42A3-9474-1A3956D46DE8}") = "3-DAO", "3-DAO", "{12F15B04-1F22-4273-8944-D3437AF21F19}"
EndProject
Project("{2150E333-8FDC-42A3-9474-1A3956D46DE8}") = "4-Testes", "4-Testes", "{653F425B-3F53-48C2-AFF1-42D6F125601B}"
EndProject
Project("{9A19103F-16F7-4668-BE54-9A1E7A4F7556}") = "Academia.Programador.Bk.Gestao.Imobiliaria.Dominio", "Academia.Programador.Bk.Gestao.Imobiliaria.Dominio\Academia.Programador.Bk.Gestao.Imobiliaria.Dominio.csproj", "{BE1F1BC3-E484-4566-AABF-D50BBBBD0E1A}"
EndProject
Project("{9A19103F-16F7-4668-BE54-9A1E7A4F7556}") = "Academia.Programador.Bk.Gestao.Imobiliaria.DAO", "Academia.Programador.Bk.Gestao.Imobiliaria.DAO\Academia.Programador.Bk.Gestao.Imobiliaria.DAO.csproj", "{2151CAC2-478B-4700-9C85-849E7B7F8F0D}"
EndProject
Project("{9A19103F-16F7-4668-BE54-9A1E7A4F7556}") = "Academia.Programador.Bk.Gestao.Imobiliaria.Web", "Academia.Programador.Bk.Gestao.Imobiliaria.Web\Academia.Programador.Bk.Gestao.Imobiliaria.Web.csproj", "{9BFAA43C-C350-4101-8A16-4229E2E606B4}"
EndProject
Project("{9A19103F-16F7-4668-BE54-9A1E7A4F7556}") = "Academia.Programador.Bk.Gestao.Imobiliaria.Tests", "Academia.Programador.Bk.Gestao.Imobiliaria.Tests\Academia.Programador.Bk.Gestao.Imobiliaria.Tests.csproj", "{1C82E7F8-38CA-4EA3-A002-BE99CA1FB7D5}"
EndProject
Project("{2150E333-8FDC-42A3-9474-1A3956D46DE8}") = "5 - Docs", "5 - Docs", "{842640A7-A810-4E46-9064-8C15DA61995E}"
	ProjectSection(SolutionItems) = preProject
		..\..\README.md = ..\..\README.md
	EndProjectSection
EndProject
Project("{2150E333-8FDC-42A3-9474-1A3956D46DE8}") = "DataBase", "DataBase", "{B500A51D-CD2A-4239-AA21-A95F7F420BD3}"
	ProjectSection(SolutionItems) = preProject
		..\..\docs\DataBase\script_inicial.sql = ..\..\docs\DataBase\script_inicial.sql
	EndProjectSection
EndProject
Global
	GlobalSection(SolutionConfigurationPlatforms) = preSolution
		Debug|Any CPU = Debug|Any CPU
		Release|Any CPU = Release|Any CPU
	EndGlobalSection
	GlobalSection(ProjectConfigurationPlatforms) = postSolution
		{BE1F1BC3-E484-4566-AABF-D50BBBBD0E1A}.Debug|Any CPU.ActiveCfg = Debug|Any CPU
		{BE1F1BC3-E484-4566-AABF-D50BBBBD0E1A}.Debug|Any CPU.Build.0 = Debug|Any CPU
		{BE1F1BC3-E484-4566-AABF-D50BBBBD0E1A}.Release|Any CPU.ActiveCfg = Release|Any CPU
		{BE1F1BC3-E484-4566-AABF-D50BBBBD0E1A}.Release|Any CPU.Build.0 = Release|Any CPU
		{2151CAC2-478B-4700-9C85-849E7B7F8F0D}.Debug|Any CPU.ActiveCfg = Debug|Any CPU
		{2151CAC2-478B-4700-9C85-849E7B7F8F0D}.Debug|Any CPU.Build.0 = Debug|Any CPU
		{2151CAC2-478B-4700-9C85-849E7B7F8F0D}.Release|Any CPU.ActiveCfg = Release|Any CPU
		{2151CAC2-478B-4700-9C85-849E7B7F8F0D}.Release|Any CPU.Build.0 = Release|Any CPU
		{9BFAA43C-C350-4101-8A16-4229E2E606B4}.Debug|Any CPU.ActiveCfg = Debug|Any CPU
		{9BFAA43C-C350-4101-8A16-4229E2E606B4}.Debug|Any CPU.Build.0 = Debug|Any CPU
		{9BFAA43C-C350-4101-8A16-4229E2E606B4}.Release|Any CPU.ActiveCfg = Release|Any CPU
		{9BFAA43C-C350-4101-8A16-4229E2E606B4}.Release|Any CPU.Build.0 = Release|Any CPU
		{1C82E7F8-38CA-4EA3-A002-BE99CA1FB7D5}.Debug|Any CPU.ActiveCfg = Debug|Any CPU
		{1C82E7F8-38CA-4EA3-A002-BE99CA1FB7D5}.Debug|Any CPU.Build.0 = Debug|Any CPU
		{1C82E7F8-38CA-4EA3-A002-BE99CA1FB7D5}.Release|Any CPU.ActiveCfg = Release|Any CPU
		{1C82E7F8-38CA-4EA3-A002-BE99CA1FB7D5}.Release|Any CPU.Build.0 = Release|Any CPU
	EndGlobalSection
	GlobalSection(SolutionProperties) = preSolution
		HideSolutionNode = FALSE
	EndGlobalSection
	GlobalSection(NestedProjects) = preSolution
		{BE1F1BC3-E484-4566-AABF-D50BBBBD0E1A} = {A637E40B-F316-4BEE-B74F-D78522415019}
		{2151CAC2-478B-4700-9C85-849E7B7F8F0D} = {12F15B04-1F22-4273-8944-D3437AF21F19}
		{9BFAA43C-C350-4101-8A16-4229E2E606B4} = {56756ED5-2807-4D62-849F-427BF5F822A3}
		{1C82E7F8-38CA-4EA3-A002-BE99CA1FB7D5} = {653F425B-3F53-48C2-AFF1-42D6F125601B}
		{B500A51D-CD2A-4239-AA21-A95F7F420BD3} = {842640A7-A810-4E46-9064-8C15DA61995E}
	EndGlobalSection
	GlobalSection(ExtensibilityGlobals) = postSolution
		SolutionGuid = {39FCA1FE-B541-4185-AAF4-99A4D644217B}
	EndGlobalSection
EndGlobal
